{
    "_readme": [
        "This file locks the dependencies of your project to a known state",
        "Read more about it at https://getcomposer.org/doc/01-basic-usage.md#installing-dependencies",
        "This file is @generated automatically"
    ],
    "content-hash": "05a316ca3d01b88d5c9947318db27d42",
    "packages": [
        {
            "name": "dg/composer-cleaner",
            "version": "v2.1",
            "source": {
                "type": "git",
                "url": "https://github.com/dg/composer-cleaner.git",
                "reference": "91f865f0b50c66dd647955a0e5ba7745d8086945"
            },
            "dist": {
                "type": "zip",
                "url": "https://api.github.com/repos/dg/composer-cleaner/zipball/91f865f0b50c66dd647955a0e5ba7745d8086945",
                "reference": "91f865f0b50c66dd647955a0e5ba7745d8086945",
                "shasum": ""
            },
            "require": {
                "composer-plugin-api": "^1.0",
                "php": ">=5.4.0"
            },
            "require-dev": {
                "nette/tester": "^1.7"
            },
            "type": "composer-plugin",
            "extra": {
                "class": "DG\\ComposerCleaner\\Plugin"
            },
            "autoload": {
                "classmap": [
                    "src/"
                ]
            },
            "notification-url": "https://packagist.org/downloads/",
            "license": [
                "BSD-3-Clause"
            ],
            "authors": [
                {
                    "name": "David Grudl",
                    "homepage": "https://davidgrudl.com"
                }
            ],
            "description": "Victor The Cleaner: removes unnecessary files from vendor directory.",
            "keywords": [
                "composer"
            ],
            "time": "2019-02-05T21:18:31+00:00"
        },
        {
            "name": "laminas/laminas-diactoros",
            "version": "2.3.0",
            "source": {
                "type": "git",
                "url": "https://github.com/laminas/laminas-diactoros.git",
                "reference": "5ab185dba63ec655a2380c97711b09adc7061f89"
            },
            "dist": {
                "type": "zip",
                "url": "https://api.github.com/repos/laminas/laminas-diactoros/zipball/5ab185dba63ec655a2380c97711b09adc7061f89",
                "reference": "5ab185dba63ec655a2380c97711b09adc7061f89",
                "shasum": ""
            },
            "require": {
                "laminas/laminas-zendframework-bridge": "^1.0",
                "php": "^7.1",
                "psr/http-factory": "^1.0",
                "psr/http-message": "^1.0"
            },
            "conflict": {
                "phpspec/prophecy": "<1.9.0"
            },
            "provide": {
                "psr/http-factory-implementation": "1.0",
                "psr/http-message-implementation": "1.0"
            },
            "replace": {
                "zendframework/zend-diactoros": "^2.2.1"
            },
            "require-dev": {
                "ext-curl": "*",
                "ext-dom": "*",
                "ext-libxml": "*",
                "http-interop/http-factory-tests": "^0.5.0",
                "laminas/laminas-coding-standard": "~1.0.0",
                "php-http/psr7-integration-tests": "^1.0",
                "phpunit/phpunit": "^7.5.18"
            },
            "type": "library",
            "extra": {
                "branch-alias": {
                    "dev-master": "2.3.x-dev",
                    "dev-develop": "2.4.x-dev"
                },
                "laminas": {
                    "config-provider": "Laminas\\Diactoros\\ConfigProvider",
                    "module": "Laminas\\Diactoros"
                }
            },
            "autoload": {
                "files": [
                    "src/functions/create_uploaded_file.php",
                    "src/functions/marshal_headers_from_sapi.php",
                    "src/functions/marshal_method_from_sapi.php",
                    "src/functions/marshal_protocol_version_from_sapi.php",
                    "src/functions/marshal_uri_from_sapi.php",
                    "src/functions/normalize_server.php",
                    "src/functions/normalize_uploaded_files.php",
                    "src/functions/parse_cookie_header.php",
                    "src/functions/create_uploaded_file.legacy.php",
                    "src/functions/marshal_headers_from_sapi.legacy.php",
                    "src/functions/marshal_method_from_sapi.legacy.php",
                    "src/functions/marshal_protocol_version_from_sapi.legacy.php",
                    "src/functions/marshal_uri_from_sapi.legacy.php",
                    "src/functions/normalize_server.legacy.php",
                    "src/functions/normalize_uploaded_files.legacy.php",
                    "src/functions/parse_cookie_header.legacy.php"
                ],
                "psr-4": {
                    "Laminas\\Diactoros\\": "src/"
                }
            },
            "notification-url": "https://packagist.org/downloads/",
            "license": [
                "BSD-3-Clause"
            ],
            "description": "PSR HTTP Message implementations",
            "homepage": "https://laminas.dev",
            "keywords": [
                "http",
                "laminas",
                "psr",
                "psr-7"
            ],
            "time": "2020-04-27T17:07:01+00:00"
        },
        {
            "name": "laminas/laminas-zendframework-bridge",
            "version": "1.0.4",
            "source": {
                "type": "git",
                "url": "https://github.com/laminas/laminas-zendframework-bridge.git",
                "reference": "fcd87520e4943d968557803919523772475e8ea3"
            },
            "dist": {
                "type": "zip",
                "url": "https://api.github.com/repos/laminas/laminas-zendframework-bridge/zipball/fcd87520e4943d968557803919523772475e8ea3",
                "reference": "fcd87520e4943d968557803919523772475e8ea3",
                "shasum": ""
            },
            "require": {
                "php": "^5.6 || ^7.0"
            },
            "require-dev": {
                "phpunit/phpunit": "^5.7 || ^6.5 || ^7.5 || ^8.1",
                "squizlabs/php_codesniffer": "^3.5"
            },
            "type": "library",
            "extra": {
                "branch-alias": {
                    "dev-master": "1.0.x-dev",
                    "dev-develop": "1.1.x-dev"
                },
                "laminas": {
                    "module": "Laminas\\ZendFrameworkBridge"
                }
            },
            "autoload": {
                "files": [
                    "src/autoload.php"
                ],
                "psr-4": {
                    "Laminas\\ZendFrameworkBridge\\": "src//"
                }
            },
            "notification-url": "https://packagist.org/downloads/",
            "license": [
                "BSD-3-Clause"
            ],
            "description": "Alias legacy ZF class names to Laminas Project equivalents.",
            "keywords": [
                "ZendFramework",
                "autoloading",
                "laminas",
                "zf"
            ],
            "time": "2020-05-20T16:45:56+00:00"
        },
        {
            "name": "league/plates",
            "version": "3.3.0",
            "source": {
                "type": "git",
                "url": "https://github.com/thephpleague/plates.git",
                "reference": "b1684b6f127714497a0ef927ce42c0b44b45a8af"
            },
            "dist": {
                "type": "zip",
                "url": "https://api.github.com/repos/thephpleague/plates/zipball/b1684b6f127714497a0ef927ce42c0b44b45a8af",
                "reference": "b1684b6f127714497a0ef927ce42c0b44b45a8af",
                "shasum": ""
            },
            "require": {
                "php": "^5.3 | ^7.0"
            },
            "require-dev": {
                "mikey179/vfsstream": "^1.4",
                "phpunit/phpunit": "~4.0",
                "squizlabs/php_codesniffer": "~1.5"
            },
            "type": "library",
            "extra": {
                "branch-alias": {
                    "dev-master": "3.0-dev"
                }
            },
            "autoload": {
                "psr-4": {
                    "League\\Plates\\": "src"
                }
            },
            "notification-url": "https://packagist.org/downloads/",
            "license": [
                "MIT"
            ],
            "authors": [
                {
                    "name": "Jonathan Reinink",
                    "email": "jonathan@reinink.ca",
                    "role": "Developer"
                }
            ],
            "description": "Plates, the native PHP template system that's fast, easy to use and easy to extend.",
            "homepage": "http://platesphp.com",
            "keywords": [
                "league",
                "package",
                "templates",
                "templating",
                "views"
            ],
            "time": "2016-12-28T00:14:17+00:00"
        },
        {
            "name": "mindplay/readable",
            "version": "1.1.2",
            "source": {
                "type": "git",
                "url": "https://github.com/mindplay-dk/readable.git",
                "reference": "0d5905202c86a4671ad901cad3ac4fdd5b8fc0c0"
            },
            "dist": {
                "type": "zip",
                "url": "https://api.github.com/repos/mindplay-dk/readable/zipball/0d5905202c86a4671ad901cad3ac4fdd5b8fc0c0",
                "reference": "0d5905202c86a4671ad901cad3ac4fdd5b8fc0c0",
                "shasum": ""
            },
            "require": {
                "php": ">=5.4"
            },
            "require-dev": {
                "mindplay/testies": "dev-master",
                "phpunit/php-code-coverage": ">=2, <4"
            },
            "type": "library",
            "autoload": {
                "classmap": [
                    "src/"
                ]
            },
            "notification-url": "https://packagist.org/downloads/",
            "license": [
                "MIT"
            ],
            "description": "Formats PHP values as human-readable strings",
            "time": "2018-10-09T08:21:40+00:00"
        },
        {
            "name": "psr/container",
            "version": "1.0.0",
            "source": {
                "type": "git",
                "url": "https://github.com/php-fig/container.git",
                "reference": "b7ce3b176482dbbc1245ebf52b181af44c2cf55f"
            },
            "dist": {
                "type": "zip",
                "url": "https://api.github.com/repos/php-fig/container/zipball/b7ce3b176482dbbc1245ebf52b181af44c2cf55f",
                "reference": "b7ce3b176482dbbc1245ebf52b181af44c2cf55f",
                "shasum": ""
            },
            "require": {
                "php": ">=5.3.0"
            },
            "type": "library",
            "extra": {
                "branch-alias": {
                    "dev-master": "1.0.x-dev"
                }
            },
            "autoload": {
                "psr-4": {
                    "Psr\\Container\\": "src/"
                }
            },
            "notification-url": "https://packagist.org/downloads/",
            "license": [
                "MIT"
            ],
            "authors": [
                {
                    "name": "PHP-FIG",
                    "homepage": "http://www.php-fig.org/"
                }
            ],
            "description": "Common Container Interface (PHP FIG PSR-11)",
            "homepage": "https://github.com/php-fig/container",
            "keywords": [
                "PSR-11",
                "container",
                "container-interface",
                "container-interop",
                "psr"
            ],
            "time": "2017-02-14T16:28:37+00:00"
        },
        {
            "name": "psr/http-factory",
            "version": "1.0.1",
            "source": {
                "type": "git",
                "url": "https://github.com/php-fig/http-factory.git",
                "reference": "12ac7fcd07e5b077433f5f2bee95b3a771bf61be"
            },
            "dist": {
                "type": "zip",
                "url": "https://api.github.com/repos/php-fig/http-factory/zipball/12ac7fcd07e5b077433f5f2bee95b3a771bf61be",
                "reference": "12ac7fcd07e5b077433f5f2bee95b3a771bf61be",
                "shasum": ""
            },
            "require": {
                "php": ">=7.0.0",
                "psr/http-message": "^1.0"
            },
            "type": "library",
            "extra": {
                "branch-alias": {
                    "dev-master": "1.0.x-dev"
                }
            },
            "autoload": {
                "psr-4": {
                    "Psr\\Http\\Message\\": "src/"
                }
            },
            "notification-url": "https://packagist.org/downloads/",
            "license": [
                "MIT"
            ],
            "authors": [
                {
                    "name": "PHP-FIG",
                    "homepage": "http://www.php-fig.org/"
                }
            ],
            "description": "Common interfaces for PSR-7 HTTP message factories",
            "keywords": [
                "factory",
                "http",
                "message",
                "psr",
                "psr-17",
                "psr-7",
                "request",
                "response"
            ],
            "time": "2019-04-30T12:38:16+00:00"
        },
        {
            "name": "psr/http-message",
            "version": "1.0.1",
            "source": {
                "type": "git",
                "url": "https://github.com/php-fig/http-message.git",
                "reference": "f6561bf28d520154e4b0ec72be95418abe6d9363"
            },
            "dist": {
                "type": "zip",
                "url": "https://api.github.com/repos/php-fig/http-message/zipball/f6561bf28d520154e4b0ec72be95418abe6d9363",
                "reference": "f6561bf28d520154e4b0ec72be95418abe6d9363",
                "shasum": ""
            },
            "require": {
                "php": ">=5.3.0"
            },
            "type": "library",
            "extra": {
                "branch-alias": {
                    "dev-master": "1.0.x-dev"
                }
            },
            "autoload": {
                "psr-4": {
                    "Psr\\Http\\Message\\": "src/"
                }
            },
            "notification-url": "https://packagist.org/downloads/",
            "license": [
                "MIT"
            ],
            "authors": [
                {
                    "name": "PHP-FIG",
                    "homepage": "http://www.php-fig.org/"
                }
            ],
            "description": "Common interface for HTTP messages",
            "homepage": "https://github.com/php-fig/http-message",
            "keywords": [
                "http",
                "http-message",
                "psr",
                "psr-7",
                "request",
                "response"
            ],
            "time": "2016-08-06T14:39:51+00:00"
        },
        {
            "name": "psr/http-server-handler",
            "version": "1.0.1",
            "source": {
                "type": "git",
                "url": "https://github.com/php-fig/http-server-handler.git",
                "reference": "aff2f80e33b7f026ec96bb42f63242dc50ffcae7"
            },
            "dist": {
                "type": "zip",
                "url": "https://api.github.com/repos/php-fig/http-server-handler/zipball/aff2f80e33b7f026ec96bb42f63242dc50ffcae7",
                "reference": "aff2f80e33b7f026ec96bb42f63242dc50ffcae7",
                "shasum": ""
            },
            "require": {
                "php": ">=7.0",
                "psr/http-message": "^1.0"
            },
            "type": "library",
            "extra": {
                "branch-alias": {
                    "dev-master": "1.0.x-dev"
                }
            },
            "autoload": {
                "psr-4": {
                    "Psr\\Http\\Server\\": "src/"
                }
            },
            "notification-url": "https://packagist.org/downloads/",
            "license": [
                "MIT"
            ],
            "authors": [
                {
                    "name": "PHP-FIG",
                    "homepage": "http://www.php-fig.org/"
                }
            ],
            "description": "Common interface for HTTP server-side request handler",
            "keywords": [
                "handler",
                "http",
                "http-interop",
                "psr",
                "psr-15",
                "psr-7",
                "request",
                "response",
                "server"
            ],
            "time": "2018-10-30T16:46:14+00:00"
        },
        {
            "name": "psr/http-server-middleware",
            "version": "1.0.1",
            "source": {
                "type": "git",
                "url": "https://github.com/php-fig/http-server-middleware.git",
                "reference": "2296f45510945530b9dceb8bcedb5cb84d40c5f5"
            },
            "dist": {
                "type": "zip",
                "url": "https://api.github.com/repos/php-fig/http-server-middleware/zipball/2296f45510945530b9dceb8bcedb5cb84d40c5f5",
                "reference": "2296f45510945530b9dceb8bcedb5cb84d40c5f5",
                "shasum": ""
            },
            "require": {
                "php": ">=7.0",
                "psr/http-message": "^1.0",
                "psr/http-server-handler": "^1.0"
            },
            "type": "library",
            "extra": {
                "branch-alias": {
                    "dev-master": "1.0.x-dev"
                }
            },
            "autoload": {
                "psr-4": {
                    "Psr\\Http\\Server\\": "src/"
                }
            },
            "notification-url": "https://packagist.org/downloads/",
            "license": [
                "MIT"
            ],
            "authors": [
                {
                    "name": "PHP-FIG",
                    "homepage": "http://www.php-fig.org/"
                }
            ],
            "description": "Common interface for HTTP server-side middleware",
            "keywords": [
                "http",
                "http-interop",
                "middleware",
                "psr",
                "psr-15",
                "psr-7",
                "request",
                "response"
            ],
            "time": "2018-10-30T17:12:04+00:00"
        },
        {
            "name": "psr/simple-cache",
            "version": "1.0.1",
            "source": {
                "type": "git",
                "url": "https://github.com/php-fig/simple-cache.git",
                "reference": "408d5eafb83c57f6365a3ca330ff23aa4a5fa39b"
            },
            "dist": {
                "type": "zip",
                "url": "https://api.github.com/repos/php-fig/simple-cache/zipball/408d5eafb83c57f6365a3ca330ff23aa4a5fa39b",
                "reference": "408d5eafb83c57f6365a3ca330ff23aa4a5fa39b",
                "shasum": ""
            },
            "require": {
                "php": ">=5.3.0"
            },
            "type": "library",
            "extra": {
                "branch-alias": {
                    "dev-master": "1.0.x-dev"
                }
            },
            "autoload": {
                "psr-4": {
                    "Psr\\SimpleCache\\": "src/"
                }
            },
            "notification-url": "https://packagist.org/downloads/",
            "license": [
                "MIT"
            ],
            "authors": [
                {
                    "name": "PHP-FIG",
                    "homepage": "http://www.php-fig.org/"
                }
            ],
            "description": "Common interfaces for simple caching",
            "keywords": [
                "cache",
                "caching",
                "psr",
                "psr-16",
                "simple-cache"
            ],
            "time": "2017-10-23T01:57:42+00:00"
        },
        {
            "name": "vakata/cache",
            "version": "2.2.0",
            "source": {
                "type": "git",
                "url": "https://github.com/vakata/cache.git",
                "reference": "ccbc09f3292906892c3a83416b17b6ab5e97cec5"
            },
            "dist": {
                "type": "zip",
                "url": "https://api.github.com/repos/vakata/cache/zipball/ccbc09f3292906892c3a83416b17b6ab5e97cec5",
                "reference": "ccbc09f3292906892c3a83416b17b6ab5e97cec5",
                "shasum": ""
            },
            "require": {
                "php": ">=5.4.0",
                "psr/simple-cache": "~1.0"
            },
            "require-dev": {
                "clean/phpdoc-md": "dev-master",
                "codeclimate/php-test-reporter": "dev-master",
                "phpunit/phpunit": "5.*"
            },
            "type": "library",
            "autoload": {
                "psr-4": {
                    "vakata\\cache\\": "src"
                }
            },
            "notification-url": "https://packagist.org/downloads/",
            "license": [
                "MIT"
            ],
            "authors": [
                {
                    "name": "vakata",
                    "email": "github@vakata.com",
                    "homepage": "http://www.vakata.com",
                    "role": "Developer"
                }
            ],
            "description": "A collection of caching classes with a common interface",
            "homepage": "https://github.com/vakata/cache",
            "keywords": [
                "cache",
                "vakata"
            ],
            "time": "2018-08-28T14:57:15+00:00"
        },
        {
            "name": "vakata/collection",
            "version": "1.5.0",
            "source": {
                "type": "git",
                "url": "https://github.com/vakata/collection.git",
                "reference": "718cf6c87905f804ed289dc3c57564344cc1f793"
            },
            "dist": {
                "type": "zip",
                "url": "https://api.github.com/repos/vakata/collection/zipball/718cf6c87905f804ed289dc3c57564344cc1f793",
                "reference": "718cf6c87905f804ed289dc3c57564344cc1f793",
                "shasum": ""
            },
            "require": {
                "php": ">=7.0"
            },
            "require-dev": {
                "clean/phpdoc-md": "dev-master",
                "phpunit/phpunit": "~4.7"
            },
            "type": "library",
            "autoload": {
                "psr-4": {
                    "vakata\\collection\\": "src"
                }
            },
            "notification-url": "https://packagist.org/downloads/",
            "license": [
                "MIT"
            ],
            "authors": [
                {
                    "name": "vakata",
                    "email": "github@vakata.com",
                    "homepage": "http://www.vakata.com",
                    "role": "Developer"
                }
            ],
            "description": "PHP collection manipulation class - supports iterators and generators",
            "keywords": [
                "collection",
                "vakata"
            ],
            "time": "2018-05-25T11:14:19+00:00"
        },
        {
            "name": "vakata/config",
            "version": "2.0.0",
            "source": {
                "type": "git",
                "url": "https://github.com/vakata/config.git",
                "reference": "4887de1801d484e75507a9ae3d11e23eecaee808"
            },
            "dist": {
                "type": "zip",
                "url": "https://api.github.com/repos/vakata/config/zipball/4887de1801d484e75507a9ae3d11e23eecaee808",
                "reference": "4887de1801d484e75507a9ae3d11e23eecaee808",
                "shasum": ""
            },
            "require": {
                "php": ">=7.0",
                "vakata/kvstore": ">=1.0.2"
            },
            "require-dev": {
                "clean/phpdoc-md": "*",
                "phpunit/phpunit": "4.*"
            },
            "type": "library",
            "autoload": {
                "psr-4": {
                    "vakata\\config\\": "src"
                }
            },
            "notification-url": "https://packagist.org/downloads/",
            "license": [
                "MIT"
            ],
            "authors": [
                {
                    "name": "vakata",
                    "email": "github@vakata.com",
                    "homepage": "http://www.vakata.com",
                    "role": "Developer"
                }
            ],
            "description": "A PHP config class (parses .env files)",
            "homepage": "https://github.com/vakata/config",
            "keywords": [
                "config",
                "vakata"
            ],
            "time": "2017-12-18T19:41:14+00:00"
        },
        {
            "name": "vakata/database",
            "version": "3.15.0",
            "source": {
                "type": "git",
                "url": "https://github.com/vakata/database.git",
                "reference": "7938294992e6d02760bb777bb5b2699d43d72fb0"
            },
            "dist": {
                "type": "zip",
                "url": "https://api.github.com/repos/vakata/database/zipball/7938294992e6d02760bb777bb5b2699d43d72fb0",
                "reference": "7938294992e6d02760bb777bb5b2699d43d72fb0",
                "shasum": ""
            },
            "require": {
                "php": ">=7.2.0",
                "vakata/collection": "~1.5"
            },
            "require-dev": {
                "phpstan/phpstan": "^0.12",
                "phpunit/phpunit": "6.*",
                "squizlabs/php_codesniffer": "^3.2"
            },
            "type": "library",
            "autoload": {
                "psr-4": {
                    "vakata\\database\\": "src"
                }
            },
            "notification-url": "https://packagist.org/downloads/",
            "license": [
                "MIT"
            ],
            "authors": [
                {
                    "name": "vakata",
                    "email": "github@vakata.com",
                    "homepage": "http://www.vakata.com",
                    "role": "Developer"
                }
            ],
            "description": "A database abstraction with support for various drivers.",
            "homepage": "https://github.com/vakata/database",
            "keywords": [
                "database",
                "vakata"
            ],
            "time": "2020-03-30T04:53:30+00:00"
        },
        {
            "name": "vakata/di",
            "version": "1.0.8",
            "source": {
                "type": "git",
                "url": "https://github.com/vakata/di.git",
                "reference": "5a23c5874429c4ba1680a6dd8417c29ee3292eb5"
            },
            "dist": {
                "type": "zip",
                "url": "https://api.github.com/repos/vakata/di/zipball/5a23c5874429c4ba1680a6dd8417c29ee3292eb5",
                "reference": "5a23c5874429c4ba1680a6dd8417c29ee3292eb5",
                "shasum": ""
            },
            "require": {
                "php": ">=5.4.0"
            },
            "require-dev": {
                "clean/phpdoc-md": "dev-master",
                "codeclimate/php-test-reporter": "dev-master",
                "phpunit/phpunit": "4.*"
            },
            "type": "library",
            "autoload": {
                "psr-4": {
                    "vakata\\di\\": "src"
                }
            },
            "notification-url": "https://packagist.org/downloads/",
            "license": [
                "MIT"
            ],
            "authors": [
                {
                    "name": "vakata",
                    "email": "github@vakata.com",
                    "homepage": "http://www.vakata.com",
                    "role": "Developer"
                }
            ],
            "description": "PHP DI",
            "homepage": "https://github.com/vakata/di",
            "keywords": [
                "KVStore",
                "vakata"
            ],
            "time": "2020-01-18T18:29:29+00:00"
        },
        {
            "name": "vakata/files",
            "version": "1.4.0",
            "source": {
                "type": "git",
                "url": "https://github.com/vakata/files.git",
                "reference": "2b78364261401543b78cb503dae9aa07ed54cba0"
            },
            "dist": {
                "type": "zip",
                "url": "https://api.github.com/repos/vakata/files/zipball/2b78364261401543b78cb503dae9aa07ed54cba0",
                "reference": "2b78364261401543b78cb503dae9aa07ed54cba0",
                "shasum": ""
            },
            "require": {
                "php": ">=5.4.0"
            },
            "require-dev": {
                "clean/phpdoc-md": "dev-master",
                "codeclimate/php-test-reporter": "dev-master",
                "phpunit/phpunit": "4.*"
            },
            "suggest": {
                "psr/http-message": "Install if you want to process uploads and HTTP requests",
                "vakata/database": "Install if you plan on using FileDatabaseStorage",
                "vakata/http": "Install if you want to process uploads and HTTP requests"
            },
            "type": "library",
            "autoload": {
                "psr-4": {
                    "vakata\\files\\": "src"
                }
            },
            "notification-url": "https://packagist.org/downloads/",
            "license": [
                "MIT"
            ],
            "authors": [
                {
                    "name": "vakata",
                    "email": "github@vakata.com",
                    "homepage": "http://www.vakata.com",
                    "role": "Developer"
                }
            ],
            "description": "A collection of file storage classes",
            "homepage": "https://github.com/vakata/files",
            "keywords": [
                "files",
                "vakata"
            ],
            "time": "2017-12-16T21:24:00+00:00"
        },
        {
            "name": "vakata/http",
            "version": "3.0.14",
            "source": {
                "type": "git",
                "url": "https://github.com/vakata/http.git",
                "reference": "adc499b06db7a85328932b93feac8e9c3df8a5b3"
            },
            "dist": {
                "type": "zip",
                "url": "https://api.github.com/repos/vakata/http/zipball/adc499b06db7a85328932b93feac8e9c3df8a5b3",
                "reference": "adc499b06db7a85328932b93feac8e9c3df8a5b3",
                "shasum": ""
            },
            "require": {
                "laminas/laminas-diactoros": "~2.2",
                "php": ">=7.1.0"
            },
            "require-dev": {
                "clean/phpdoc-md": "dev-master",
                "phpunit/phpunit": "4.*"
            },
            "type": "library",
            "autoload": {
                "psr-4": {
                    "vakata\\http\\": "src"
                }
            },
            "notification-url": "https://packagist.org/downloads/",
            "license": [
                "MIT"
            ],
            "authors": [
                {
                    "name": "vakata",
                    "email": "github@vakata.com",
                    "homepage": "http://www.vakata.com",
                    "role": "Developer"
                }
            ],
            "description": "HTTP Request / Response classes (extending Laminas/Diactoros with a few methods)",
            "homepage": "https://github.com/vakata/http",
            "keywords": [
                "http",
                "vakata"
            ],
            "time": "2020-04-23T13:37:31+00:00"
        },
        {
            "name": "vakata/image",
            "version": "2.3.0",
            "source": {
                "type": "git",
                "url": "https://github.com/vakata/image.git",
                "reference": "e7f2a4e4be445a66b6b54f2ffc596988e86e41a1"
            },
            "dist": {
                "type": "zip",
                "url": "https://api.github.com/repos/vakata/image/zipball/e7f2a4e4be445a66b6b54f2ffc596988e86e41a1",
                "reference": "e7f2a4e4be445a66b6b54f2ffc596988e86e41a1",
                "shasum": ""
            },
            "require": {
                "php": ">=7.0.0"
            },
            "require-dev": {
                "clean/phpdoc-md": "dev-master",
                "codeclimate/php-test-reporter": "dev-master",
                "phpunit/phpunit": "4.*"
            },
            "type": "library",
            "autoload": {
                "psr-4": {
                    "vakata\\image\\": "src"
                }
            },
            "notification-url": "https://packagist.org/downloads/",
            "license": [
                "MIT"
            ],
            "authors": [
                {
                    "name": "vakata",
                    "email": "github@vakata.com",
                    "homepage": "http://www.vakata.com",
                    "role": "Developer"
                }
            ],
            "description": "Image manipulation helper class",
            "homepage": "https://github.com/vakata/image",
            "keywords": [
                "image",
                "vakata"
            ],
            "time": "2020-03-09T15:10:22+00:00"
        },
        {
            "name": "vakata/intl",
            "version": "2.0.0",
            "source": {
                "type": "git",
                "url": "https://github.com/vakata/intl.git",
                "reference": "7c44fab3652ab474a76d7172ded2dfc22454e970"
            },
            "dist": {
                "type": "zip",
                "url": "https://api.github.com/repos/vakata/intl/zipball/7c44fab3652ab474a76d7172ded2dfc22454e970",
                "reference": "7c44fab3652ab474a76d7172ded2dfc22454e970",
                "shasum": ""
            },
            "require": {
                "php": ">=7.0.0"
            },
            "require-dev": {
                "clean/phpdoc-md": "dev-master",
                "codeclimate/php-test-reporter": "dev-master",
                "phpunit/phpunit": "4.*"
            },
            "type": "library",
            "autoload": {
                "psr-4": {
                    "vakata\\intl\\": "src"
                }
            },
            "notification-url": "https://packagist.org/downloads/",
            "license": [
                "MIT"
            ],
            "authors": [
                {
                    "name": "vakata",
                    "email": "github@vakata.com",
                    "homepage": "http://www.vakata.com",
                    "role": "Developer"
                }
            ],
            "description": "Translator class using MessageFormatter",
            "homepage": "https://github.com/vakata/intl",
            "keywords": [
                "intl",
                "vakata"
            ],
            "time": "2019-01-30T20:39:49+00:00"
        },
        {
            "name": "vakata/jwt",
            "version": "3.0.3",
            "source": {
                "type": "git",
                "url": "https://github.com/vakata/jwt.git",
                "reference": "b25221e15e8edf73afcea48dd347a76abda0749c"
            },
            "dist": {
                "type": "zip",
                "url": "https://api.github.com/repos/vakata/jwt/zipball/b25221e15e8edf73afcea48dd347a76abda0749c",
                "reference": "b25221e15e8edf73afcea48dd347a76abda0749c",
                "shasum": ""
            },
            "require": {
                "php": ">=5.4.0"
            },
            "require-dev": {
                "clean/phpdoc-md": "dev-master",
                "codeclimate/php-test-reporter": "dev-master",
                "phpunit/phpunit": "4.*"
            },
            "type": "library",
            "autoload": {
                "psr-4": {
                    "vakata\\jwt\\": "src"
                }
            },
            "notification-url": "https://packagist.org/downloads/",
            "license": [
                "MIT"
            ],
            "authors": [
                {
                    "name": "vakata",
                    "email": "github@vakata.com",
                    "homepage": "http://www.vakata.com",
                    "role": "Developer"
                }
            ],
            "description": "JWT token handling",
            "homepage": "https://github.com/vakata/jwt",
            "keywords": [
                "jwt",
                "vakata"
            ],
            "time": "2017-02-24T15:08:15+00:00"
        },
        {
            "name": "vakata/kvstore",
            "version": "1.0.3",
            "source": {
                "type": "git",
                "url": "https://github.com/vakata/kvstore.git",
                "reference": "914552be2e8f1a24c8beb163d8c1320fe36b9e7c"
            },
            "dist": {
                "type": "zip",
                "url": "https://api.github.com/repos/vakata/kvstore/zipball/914552be2e8f1a24c8beb163d8c1320fe36b9e7c",
                "reference": "914552be2e8f1a24c8beb163d8c1320fe36b9e7c",
                "shasum": ""
            },
            "require": {
                "php": ">=5.4.0"
            },
            "require-dev": {
                "clean/phpdoc-md": "dev-master",
                "codeclimate/php-test-reporter": "dev-master",
                "phpunit/phpunit": "4.*"
            },
            "type": "library",
            "autoload": {
                "psr-4": {
                    "vakata\\kvstore\\": "src"
                }
            },
            "notification-url": "https://packagist.org/downloads/",
            "license": [
                "MIT"
            ],
            "authors": [
                {
                    "name": "vakata",
                    "email": "github@vakata.com",
                    "homepage": "http://www.vakata.com",
                    "role": "Developer"
                }
            ],
            "description": "A simple key-value storage class",
            "homepage": "https://github.com/vakata/kvstore",
            "keywords": [
                "KVStore",
                "vakata"
            ],
            "time": "2016-10-27T11:39:55+00:00"
        },
        {
            "name": "vakata/mail",
            "version": "1.4.0",
            "source": {
                "type": "git",
                "url": "https://github.com/vakata/mail.git",
                "reference": "c9e3ca09f3674b8389769cb296da85a6b390ac3d"
            },
            "dist": {
                "type": "zip",
                "url": "https://api.github.com/repos/vakata/mail/zipball/c9e3ca09f3674b8389769cb296da85a6b390ac3d",
                "reference": "c9e3ca09f3674b8389769cb296da85a6b390ac3d",
                "shasum": ""
            },
            "require": {
                "php": ">=5.4.0"
            },
            "require-dev": {
                "clean/phpdoc-md": "dev-master",
                "phpunit/phpunit": "4.*"
            },
            "type": "library",
            "autoload": {
                "psr-4": {
                    "vakata\\mail\\": "src"
                }
            },
            "notification-url": "https://packagist.org/downloads/",
            "license": [
                "MIT"
            ],
            "authors": [
                {
                    "name": "vakata",
                    "email": "github@vakata.com",
                    "homepage": "http://www.vakata.com",
                    "role": "Developer"
                }
            ],
            "description": "A few simple mail sender classes",
            "homepage": "https://github.com/vakata/mail",
            "keywords": [
                "mail",
                "vakata"
            ],
            "time": "2019-09-03T09:10:31+00:00"
        },
        {
            "name": "vakata/middleman",
            "version": "4.0.0",
            "source": {
                "type": "git",
                "url": "https://github.com/vakata/middleman.git",
                "reference": "39abcf4c2a0841e37a1b1c65fa3a362b197abc66"
            },
            "dist": {
                "type": "zip",
                "url": "https://api.github.com/repos/vakata/middleman/zipball/39abcf4c2a0841e37a1b1c65fa3a362b197abc66",
                "reference": "39abcf4c2a0841e37a1b1c65fa3a362b197abc66",
                "shasum": ""
            },
            "require": {
                "mindplay/readable": "^1",
                "php": ">=7.0",
                "psr/container": "^1.0",
                "psr/http-message": "^1.0",
                "psr/http-server-handler": "^1.0",
                "psr/http-server-middleware": "^1.0"
            },
            "require-dev": {
                "container-interop/container-interop": "^1.2",
                "mindplay/testies": "^0.2.0",
                "mockery/mockery": "^0.9.4",
                "phpunit/php-code-coverage": "^2.2"
            },
            "type": "library",
            "autoload": {
                "psr-4": {
                    "mindplay\\middleman\\": "src/"
                }
            },
            "notification-url": "https://packagist.org/downloads/",
            "license": [
                "LGPL-3.0+"
            ],
            "authors": [
                {
                    "name": "Rasmus Schultz",
                    "email": "rasmus@mindplay.dk"
                }
            ],
            "description": "PSR-15 middleware dispatcher. Let's stop trying to make this complicated.",
            "time": "2018-04-16T11:36:31+00:00"
        },
        {
            "name": "vakata/phptree",
            "version": "3.1.2",
            "source": {
                "type": "git",
                "url": "https://github.com/vakata/phptree.git",
                "reference": "e9929eb5f71b2913611d0d1c404ffd11359c78a4"
            },
            "dist": {
                "type": "zip",
                "url": "https://api.github.com/repos/vakata/phptree/zipball/e9929eb5f71b2913611d0d1c404ffd11359c78a4",
                "reference": "e9929eb5f71b2913611d0d1c404ffd11359c78a4",
                "shasum": ""
            },
            "require": {
                "vakata/database": "^3.0.0"
            },
            "require-dev": {
                "phpunit/phpunit": "4.*"
            },
            "type": "library",
            "autoload": {
                "psr-4": {
                    "vakata\\phptree\\": "src"
                }
            },
            "notification-url": "https://packagist.org/downloads/",
            "license": [
                "MIT"
            ],
            "authors": [
                {
                    "name": "vakata",
                    "email": "github@vakata.com",
                    "homepage": "http://www.vakata.com",
                    "role": "Developer"
                }
            ],
            "description": "A collection of PHP classes for storing a tree in a relational database",
            "homepage": "https://github.com/vakata/phptree",
            "keywords": [
                "tree",
                "vakata"
            ],
            "time": "2020-05-19T08:37:44+00:00"
        }
    ],
    "packages-dev": [],
    "aliases": [],
    "minimum-stability": "stable",
    "stability-flags": [],
    "prefer-stable": false,
    "prefer-lowest": false,
    "platform": [],
    "platform-dev": [],
    "platform-overrides": {
        "php": "7.2"
    }
}
